
Microsoft Visual Studio Solution File, Format Version 12.00
# Visual Studio 15
VisualStudioVersion = 15.0.26730.12
MinimumVisualStudioVersion = 10.0.40219.1
Project("{FAE04EC0-301F-11D3-BF4B-00C04F79EFBC}") = "GCProject", "GCProject\GCProject.csproj", "{AF9FF545-689B-45E7-8745-C4CC5E00FCA2}"
EndProject
Global
	GlobalSection(SolutionConfigurationPlatforms) = preSolution
		Debug|Any CPU = Debug|Any CPU
		Release|Any CPU = Release|Any CPU
	EndGlobalSection
	GlobalSection(ProjectConfigurationPlatforms) = postSolution
		{AF9FF545-689B-45E7-8745-C4CC5E00FCA2}.Debug|Any CPU.ActiveCfg = Debug|Any CPU
		{AF9FF545-689B-45E7-8745-C4CC5E00FCA2}.Debug|Any CPU.Build.0 = Debug|Any CPU
		{AF9FF545-689B-45E7-8745-C4CC5E00FCA2}.Release|Any CPU.ActiveCfg = Release|Any CPU
		{AF9FF545-689B-45E7-8745-C4CC5E00FCA2}.Release|Any CPU.Build.0 = Release|Any CPU
	EndGlobalSection
	GlobalSection(SolutionProperties) = preSolution
		HideSolutionNode = FALSE
	EndGlobalSection
	GlobalSection(ExtensibilityGlobals) = postSolution
		SolutionGuid = {813C41ED-DCE5-4FE3-813B-441AA202F645}
	EndGlobalSection
EndGlobal
